
Microsoft Visual Studio Solution File, Format Version 12.00
# Visual Studio 15
VisualStudioVersion = 15.0.28010.2026
MinimumVisualStudioVersion = 10.0.40219.1
Project("{8BC9CEB8-8B4A-11D0-8D11-00A0C91BC942}") = "Simulator", "Simulator\Simulator.vcxproj", "{58B381F0-1BC5-4724-A4F9-BAA637C54C3F}"
EndProject
Project("{888888A0-9F3D-457C-B088-3A5042F75D52}") = "SimulatorPy", "SimulatorPy\SimulatorPy.pyproj", "{18E1C270-8944-4EFC-B2CD-13EF3E16828C}"
EndProject
Global
	GlobalSection(SolutionConfigurationPlatforms) = preSolution
		Debug|Any CPU = Debug|Any CPU
		Debug|x64 = Debug|x64
		Debug|x86 = Debug|x86
		Release|Any CPU = Release|Any CPU
		Release|x64 = Release|x64
		Release|x86 = Release|x86
		ReleasePy|Any CPU = ReleasePy|Any CPU
		ReleasePy|x64 = ReleasePy|x64
		ReleasePy|x86 = ReleasePy|x86
	EndGlobalSection
	GlobalSection(ProjectConfigurationPlatforms) = postSolution
		{58B381F0-1BC5-4724-A4F9-BAA637C54C3F}.Debug|Any CPU.ActiveCfg = Debug|Win32
		{58B381F0-1BC5-4724-A4F9-BAA637C54C3F}.Debug|x64.ActiveCfg = Debug|x64
		{58B381F0-1BC5-4724-A4F9-BAA637C54C3F}.Debug|x64.Build.0 = Debug|x64
		{58B381F0-1BC5-4724-A4F9-BAA637C54C3F}.Debug|x86.ActiveCfg = Debug|Win32
		{58B381F0-1BC5-4724-A4F9-BAA637C54C3F}.Debug|x86.Build.0 = Debug|Win32
		{58B381F0-1BC5-4724-A4F9-BAA637C54C3F}.Release|Any CPU.ActiveCfg = Release|Win32
		{58B381F0-1BC5-4724-A4F9-BAA637C54C3F}.Release|x64.ActiveCfg = Release|x64
		{58B381F0-1BC5-4724-A4F9-BAA637C54C3F}.Release|x64.Build.0 = Release|x64
		{58B381F0-1BC5-4724-A4F9-BAA637C54C3F}.Release|x86.ActiveCfg = Release|Win32
		{58B381F0-1BC5-4724-A4F9-BAA637C54C3F}.Release|x86.Build.0 = Release|Win32
		{58B381F0-1BC5-4724-A4F9-BAA637C54C3F}.ReleasePy|Any CPU.ActiveCfg = ReleasePy|Win32
		{58B381F0-1BC5-4724-A4F9-BAA637C54C3F}.ReleasePy|x64.ActiveCfg = ReleasePy|x64
		{58B381F0-1BC5-4724-A4F9-BAA637C54C3F}.ReleasePy|x64.Build.0 = ReleasePy|x64
		{58B381F0-1BC5-4724-A4F9-BAA637C54C3F}.ReleasePy|x86.ActiveCfg = ReleasePy|Win32
		{58B381F0-1BC5-4724-A4F9-BAA637C54C3F}.ReleasePy|x86.Build.0 = ReleasePy|Win32
		{18E1C270-8944-4EFC-B2CD-13EF3E16828C}.Debug|Any CPU.ActiveCfg = Debug|Any CPU
		{18E1C270-8944-4EFC-B2CD-13EF3E16828C}.Debug|x64.ActiveCfg = Debug|Any CPU
		{18E1C270-8944-4EFC-B2CD-13EF3E16828C}.Debug|x86.ActiveCfg = Debug|Any CPU
		{18E1C270-8944-4EFC-B2CD-13EF3E16828C}.Release|Any CPU.ActiveCfg = Release|Any CPU
		{18E1C270-8944-4EFC-B2CD-13EF3E16828C}.Release|x64.ActiveCfg = Release|Any CPU
		{18E1C270-8944-4EFC-B2CD-13EF3E16828C}.Release|x86.ActiveCfg = Release|Any CPU
		{18E1C270-8944-4EFC-B2CD-13EF3E16828C}.ReleasePy|Any CPU.ActiveCfg = Release|Any CPU
		{18E1C270-8944-4EFC-B2CD-13EF3E16828C}.ReleasePy|x64.ActiveCfg = Release|Any CPU
		{18E1C270-8944-4EFC-B2CD-13EF3E16828C}.ReleasePy|x86.ActiveCfg = Release|Any CPU
	EndGlobalSection
	GlobalSection(SolutionProperties) = preSolution
		HideSolutionNode = FALSE
	EndGlobalSection
	GlobalSection(ExtensibilityGlobals) = postSolution
		SolutionGuid = {0A01C0B7-5572-4F70-A130-A17C9FFF2444}
	EndGlobalSection
EndGlobal
